// !$*UTF8*$!
{
	archiveVersion = 1;
	classes = {
	};
	objectVersion = 46;
	objects = {

/* Begin PBXBuildFile section */
		1DF3468F81B24DD68B04CB0F /* libPods-int20140225.a in Frameworks */ = {isa = PBXBuildFile; fileRef = 79D87C51C966407B939A001E /* libPods-int20140225.a */; };
		45EA49484378592777B719D8 /* IntTableViewController.m in Sources */ = {isa = PBXBuildFile; fileRef = 45EA4AA67EBD8B6F500A9645 /* IntTableViewController.m */; };
		45EA4DADC4BD225AD9F549DE /* IntViewController.m in Sources */ = {isa = PBXBuildFile; fileRef = 45EA422D7EEE354833C23B94 /* IntViewController.m */; };
		4E0851FA18BCFBD100F06293 /* Foundation.framework in Frameworks */ = {isa = PBXBuildFile; fileRef = 4E0851F918BCFBD100F06293 /* Foundation.framework */; };
		4E0851FC18BCFBD100F06293 /* CoreGraphics.framework in Frameworks */ = {isa = PBXBuildFile; fileRef = 4E0851FB18BCFBD100F06293 /* CoreGraphics.framework */; };
		4E0851FE18BCFBD100F06293 /* UIKit.framework in Frameworks */ = {isa = PBXBuildFile; fileRef = 4E0851FD18BCFBD100F06293 /* UIKit.framework */; };
		4E08520418BCFBD200F06293 /* InfoPlist.strings in Resources */ = {isa = PBXBuildFile; fileRef = 4E08520218BCFBD200F06293 /* InfoPlist.strings */; };
		4E08520618BCFBD200F06293 /* main.m in Sources */ = {isa = PBXBuildFile; fileRef = 4E08520518BCFBD200F06293 /* main.m */; };
		4E08520A18BCFBD200F06293 /* IntAppDelegate.m in Sources */ = {isa = PBXBuildFile; fileRef = 4E08520918BCFBD200F06293 /* IntAppDelegate.m */; };
		4E08520D18BCFBD200F06293 /* Main_iPhone.storyboard in Resources */ = {isa = PBXBuildFile; fileRef = 4E08520B18BCFBD200F06293 /* Main_iPhone.storyboard */; };
		4E08521018BCFBD200F06293 /* Main_iPad.storyboard in Resources */ = {isa = PBXBuildFile; fileRef = 4E08520E18BCFBD200F06293 /* Main_iPad.storyboard */; };
		4E08521518BCFBD200F06293 /* Images.xcassets in Resources */ = {isa = PBXBuildFile; fileRef = 4E08521418BCFBD200F06293 /* Images.xcassets */; };
		4E08521C18BCFBD200F06293 /* XCTest.framework in Frameworks */ = {isa = PBXBuildFile; fileRef = 4E08521B18BCFBD200F06293 /* XCTest.framework */; };
		4E08521D18BCFBD200F06293 /* Foundation.framework in Frameworks */ = {isa = PBXBuildFile; fileRef = 4E0851F918BCFBD100F06293 /* Foundation.framework */; };
		4E08521E18BCFBD200F06293 /* UIKit.framework in Frameworks */ = {isa = PBXBuildFile; fileRef = 4E0851FD18BCFBD100F06293 /* UIKit.framework */; };
		4E08522618BCFBD200F06293 /* InfoPlist.strings in Resources */ = {isa = PBXBuildFile; fileRef = 4E08522418BCFBD200F06293 /* InfoPlist.strings */; };
		4E08522818BCFBD200F06293 /* int20140225Tests.m in Sources */ = {isa = PBXBuildFile; fileRef = 4E08522718BCFBD200F06293 /* int20140225Tests.m */; };
		4E08523418BCFD7C00F06293 /* IntCustomTableCell.xib in Resources */ = {isa = PBXBuildFile; fileRef = 4E08523318BCFD7C00F06293 /* IntCustomTableCell.xib */; };
/* End PBXBuildFile section */

/* Begin PBXContainerItemProxy section */
		4E08521F18BCFBD200F06293 /* PBXContainerItemProxy */ = {
			isa = PBXContainerItemProxy;
			containerPortal = 4E0851EE18BCFBD100F06293 /* Project object */;
			proxyType = 1;
			remoteGlobalIDString = 4E0851F518BCFBD100F06293;
			remoteInfo = int20140225;
		};
/* End PBXContainerItemProxy section */

/* Begin PBXFileReference section */
		072859FBCA844AD2BA28991B /* Pods-int20140225.xcconfig */ = {isa = PBXFileReference; includeInIndex = 1; lastKnownFileType = text.xcconfig; name = "Pods-int20140225.xcconfig"; path = "Pods/Pods-int20140225.xcconfig"; sourceTree = "<group>"; };
		45EA41313C6917308265BD12 /* IntViewController.h */ = {isa = PBXFileReference; fileEncoding = 4; lastKnownFileType = sourcecode.c.h; path = IntViewController.h; sourceTree = "<group>"; };
		45EA422D7EEE354833C23B94 /* IntViewController.m */ = {isa = PBXFileReference; fileEncoding = 4; lastKnownFileType = sourcecode.c.objc; path = IntViewController.m; sourceTree = "<group>"; };
		45EA4429E3C3290BF9E5482D /* IntTableViewController.h */ = {isa = PBXFileReference; fileEncoding = 4; lastKnownFileType = sourcecode.c.h; path = IntTableViewController.h; sourceTree = "<group>"; };
		45EA4AA67EBD8B6F500A9645 /* IntTableViewController.m */ = {isa = PBXFileReference; fileEncoding = 4; lastKnownFileType = sourcecode.c.objc; path = IntTableViewController.m; sourceTree = "<group>"; };
		4E0851F618BCFBD100F06293 /* int20140225.app */ = {isa = PBXFileReference; explicitFileType = wrapper.application; includeInIndex = 0; path = int20140225.app; sourceTree = BUILT_PRODUCTS_DIR; };
		4E0851F918BCFBD100F06293 /* Foundation.framework */ = {isa = PBXFileReference; lastKnownFileType = wrapper.framework; name = Foundation.framework; path = System/Library/Frameworks/Foundation.framework; sourceTree = SDKROOT; };
		4E0851FB18BCFBD100F06293 /* CoreGraphics.framework */ = {isa = PBXFileReference; lastKnownFileType = wrapper.framework; name = CoreGraphics.framework; path = System/Library/Frameworks/CoreGraphics.framework; sourceTree = SDKROOT; };
		4E0851FD18BCFBD100F06293 /* UIKit.framework */ = {isa = PBXFileReference; lastKnownFileType = wrapper.framework; name = UIKit.framework; path = System/Library/Frameworks/UIKit.framework; sourceTree = SDKROOT; };
		4E08520118BCFBD200F06293 /* int20140225-Info.plist */ = {isa = PBXFileReference; lastKnownFileType = text.plist.xml; path = "int20140225-Info.plist"; sourceTree = "<group>"; };
		4E08520318BCFBD200F06293 /* en */ = {isa = PBXFileReference; lastKnownFileType = text.plist.strings; name = en; path = en.lproj/InfoPlist.strings; sourceTree = "<group>"; };
		4E08520518BCFBD200F06293 /* main.m */ = {isa = PBXFileReference; lastKnownFileType = sourcecode.c.objc; path = main.m; sourceTree = "<group>"; };
		4E08520718BCFBD200F06293 /* int20140225-Prefix.pch */ = {isa = PBXFileReference; lastKnownFileType = sourcecode.c.h; path = "int20140225-Prefix.pch"; sourceTree = "<group>"; };
		4E08520818BCFBD200F06293 /* IntAppDelegate.h */ = {isa = PBXFileReference; lastKnownFileType = sourcecode.c.h; path = IntAppDelegate.h; sourceTree = "<group>"; };
		4E08520918BCFBD200F06293 /* IntAppDelegate.m */ = {isa = PBXFileReference; lastKnownFileType = sourcecode.c.objc; path = IntAppDelegate.m; sourceTree = "<group>"; };
		4E08520C18BCFBD200F06293 /* Base */ = {isa = PBXFileReference; lastKnownFileType = file.storyboard; name = Base; path = Base.lproj/Main_iPhone.storyboard; sourceTree = "<group>"; };
		4E08520F18BCFBD200F06293 /* Base */ = {isa = PBXFileReference; lastKnownFileType = file.storyboard; name = Base; path = Base.lproj/Main_iPad.storyboard; sourceTree = "<group>"; };
		4E08521418BCFBD200F06293 /* Images.xcassets */ = {isa = PBXFileReference; lastKnownFileType = folder.assetcatalog; path = Images.xcassets; sourceTree = "<group>"; };
		4E08521A18BCFBD200F06293 /* int20140225Tests.xctest */ = {isa = PBXFileReference; explicitFileType = wrapper.cfbundle; includeInIndex = 0; path = int20140225Tests.xctest; sourceTree = BUILT_PRODUCTS_DIR; };
		4E08521B18BCFBD200F06293 /* XCTest.framework */ = {isa = PBXFileReference; lastKnownFileType = wrapper.framework; name = XCTest.framework; path = Library/Frameworks/XCTest.framework; sourceTree = DEVELOPER_DIR; };
		4E08522318BCFBD200F06293 /* int20140225Tests-Info.plist */ = {isa = PBXFileReference; lastKnownFileType = text.plist.xml; path = "int20140225Tests-Info.plist"; sourceTree = "<group>"; };
		4E08522518BCFBD200F06293 /* en */ = {isa = PBXFileReference; lastKnownFileType = text.plist.strings; name = en; path = en.lproj/InfoPlist.strings; sourceTree = "<group>"; };
		4E08522718BCFBD200F06293 /* int20140225Tests.m */ = {isa = PBXFileReference; lastKnownFileType = sourcecode.c.objc; path = int20140225Tests.m; sourceTree = "<group>"; };
		4E08523318BCFD7C00F06293 /* IntCustomTableCell.xib */ = {isa = PBXFileReference; fileEncoding = 4; lastKnownFileType = file.xib; path = IntCustomTableCell.xib; sourceTree = "<group>"; };
		79D87C51C966407B939A001E /* libPods-int20140225.a */ = {isa = PBXFileReference; explicitFileType = archive.ar; includeInIndex = 0; path = "libPods-int20140225.a"; sourceTree = BUILT_PRODUCTS_DIR; };
/* End PBXFileReference section */

/* Begin PBXFrameworksBuildPhase section */
		4E0851F318BCFBD100F06293 /* Frameworks */ = {
			isa = PBXFrameworksBuildPhase;
			buildActionMask = 2147483647;
			files = (
				4E0851FC18BCFBD100F06293 /* CoreGraphics.framework in Frameworks */,
				4E0851FE18BCFBD100F06293 /* UIKit.framework in Frameworks */,
				4E0851FA18BCFBD100F06293 /* Foundation.framework in Frameworks */,
				1DF3468F81B24DD68B04CB0F /* libPods-int20140225.a in Frameworks */,
			);
			runOnlyForDeploymentPostprocessing = 0;
		};
		4E08521718BCFBD200F06293 /* Frameworks */ = {
			isa = PBXFrameworksBuildPhase;
			buildActionMask = 2147483647;
			files = (
				4E08521C18BCFBD200F06293 /* XCTest.framework in Frameworks */,
				4E08521E18BCFBD200F06293 /* UIKit.framework in Frameworks */,
				4E08521D18BCFBD200F06293 /* Foundation.framework in Frameworks */,
			);
			runOnlyForDeploymentPostprocessing = 0;
		};
/* End PBXFrameworksBuildPhase section */

/* Begin PBXGroup section */
		45EA443A7C57014AB6F9F786 /* Views */ = {
			isa = PBXGroup;
			children = (
				45EA41313C6917308265BD12 /* IntViewController.h */,
				45EA422D7EEE354833C23B94 /* IntViewController.m */,
				45EA4AA67EBD8B6F500A9645 /* IntTableViewController.m */,
				45EA4429E3C3290BF9E5482D /* IntTableViewController.h */,
			);
			path = Views;
			sourceTree = "<group>";
		};
		4E0851ED18BCFBD100F06293 = {
			isa = PBXGroup;
			children = (
				4E0851FF18BCFBD200F06293 /* int20140225 */,
				4E08522118BCFBD200F06293 /* int20140225Tests */,
				4E0851F818BCFBD100F06293 /* Frameworks */,
				4E0851F718BCFBD100F06293 /* Products */,
				072859FBCA844AD2BA28991B /* Pods-int20140225.xcconfig */,
			);
			sourceTree = "<group>";
		};
		4E0851F718BCFBD100F06293 /* Products */ = {
			isa = PBXGroup;
			children = (
				4E0851F618BCFBD100F06293 /* int20140225.app */,
				4E08521A18BCFBD200F06293 /* int20140225Tests.xctest */,
			);
			name = Products;
			sourceTree = "<group>";
		};
		4E0851F818BCFBD100F06293 /* Frameworks */ = {
			isa = PBXGroup;
			children = (
				4E0851F918BCFBD100F06293 /* Foundation.framework */,
				4E0851FB18BCFBD100F06293 /* CoreGraphics.framework */,
				4E0851FD18BCFBD100F06293 /* UIKit.framework */,
				4E08521B18BCFBD200F06293 /* XCTest.framework */,
				79D87C51C966407B939A001E /* libPods-int20140225.a */,
			);
			name = Frameworks;
			sourceTree = "<group>";
		};
		4E0851FF18BCFBD200F06293 /* int20140225 */ = {
			isa = PBXGroup;
			children = (
				4E08520818BCFBD200F06293 /* IntAppDelegate.h */,
				4E08520918BCFBD200F06293 /* IntAppDelegate.m */,
				4E08520B18BCFBD200F06293 /* Main_iPhone.storyboard */,
				4E08520E18BCFBD200F06293 /* Main_iPad.storyboard */,
				4E08521418BCFBD200F06293 /* Images.xcassets */,
				4E08520018BCFBD200F06293 /* Supporting Files */,
				4E08523318BCFD7C00F06293 /* IntCustomTableCell.xib */,
				45EA443A7C57014AB6F9F786 /* Views */,
			);
			path = int20140225;
			sourceTree = "<group>";
		};
		4E08520018BCFBD200F06293 /* Supporting Files */ = {
			isa = PBXGroup;
			children = (
				4E08520118BCFBD200F06293 /* int20140225-Info.plist */,
				4E08520218BCFBD200F06293 /* InfoPlist.strings */,
				4E08520518BCFBD200F06293 /* main.m */,
				4E08520718BCFBD200F06293 /* int20140225-Prefix.pch */,
			);
			name = "Supporting Files";
			sourceTree = "<group>";
		};
		4E08522118BCFBD200F06293 /* int20140225Tests */ = {
			isa = PBXGroup;
			children = (
				4E08522718BCFBD200F06293 /* int20140225Tests.m */,
				4E08522218BCFBD200F06293 /* Supporting Files */,
			);
			path = int20140225Tests;
			sourceTree = "<group>";
		};
		4E08522218BCFBD200F06293 /* Supporting Files */ = {
			isa = PBXGroup;
			children = (
				4E08522318BCFBD200F06293 /* int20140225Tests-Info.plist */,
				4E08522418BCFBD200F06293 /* InfoPlist.strings */,
			);
			name = "Supporting Files";
			sourceTree = "<group>";
		};
/* End PBXGroup section */

/* Begin PBXNativeTarget section */
		4E0851F518BCFBD100F06293 /* int20140225 */ = {
			isa = PBXNativeTarget;
			buildConfigurationList = 4E08522B18BCFBD200F06293 /* Build configuration list for PBXNativeTarget "int20140225" */;
			buildPhases = (
				1BCB59093C4B4DF982973127 /* Check Pods Manifest.lock */,
				4E0851F218BCFBD100F06293 /* Sources */,
				4E0851F318BCFBD100F06293 /* Frameworks */,
				4E0851F418BCFBD100F06293 /* Resources */,
				C7E0EBF781DF48FA9C60958B /* Copy Pods Resources */,
			);
			buildRules = (
			);
			dependencies = (
			);
			name = int20140225;
			productName = int20140225;
			productReference = 4E0851F618BCFBD100F06293 /* int20140225.app */;
			productType = "com.apple.product-type.application";
		};
		4E08521918BCFBD200F06293 /* int20140225Tests */ = {
			isa = PBXNativeTarget;
			buildConfigurationList = 4E08522E18BCFBD200F06293 /* Build configuration list for PBXNativeTarget "int20140225Tests" */;
			buildPhases = (
				4E08521618BCFBD200F06293 /* Sources */,
				4E08521718BCFBD200F06293 /* Frameworks */,
				4E08521818BCFBD200F06293 /* Resources */,
			);
			buildRules = (
			);
			dependencies = (
				4E08522018BCFBD200F06293 /* PBXTargetDependency */,
			);
			name = int20140225Tests;
			productName = int20140225Tests;
			productReference = 4E08521A18BCFBD200F06293 /* int20140225Tests.xctest */;
			productType = "com.apple.product-type.bundle.unit-test";
		};
/* End PBXNativeTarget section */

/* Begin PBXProject section */
		4E0851EE18BCFBD100F06293 /* Project object */ = {
			isa = PBXProject;
			attributes = {
				CLASSPREFIX = Int;
				LastUpgradeCheck = 0500;
				ORGANIZATIONNAME = Int;
				TargetAttributes = {
					4E08521918BCFBD200F06293 = {
						TestTargetID = 4E0851F518BCFBD100F06293;
					};
				};
			};
			buildConfigurationList = 4E0851F118BCFBD100F06293 /* Build configuration list for PBXProject "int20140225" */;
			compatibilityVersion = "Xcode 3.2";
			developmentRegion = English;
			hasScannedForEncodings = 0;
			knownRegions = (
				en,
				Base,
			);
			mainGroup = 4E0851ED18BCFBD100F06293;
			productRefGroup = 4E0851F718BCFBD100F06293 /* Products */;
			projectDirPath = "";
			projectRoot = "";
			targets = (
				4E0851F518BCFBD100F06293 /* int20140225 */,
				4E08521918BCFBD200F06293 /* int20140225Tests */,
			);
		};
/* End PBXProject section */

/* Begin PBXResourcesBuildPhase section */
		4E0851F418BCFBD100F06293 /* Resources */ = {
			isa = PBXResourcesBuildPhase;
			buildActionMask = 2147483647;
			files = (
				4E08521018BCFBD200F06293 /* Main_iPad.storyboard in Resources */,
				4E08521518BCFBD200F06293 /* Images.xcassets in Resources */,
				4E08520D18BCFBD200F06293 /* Main_iPhone.storyboard in Resources */,
				4E08520418BCFBD200F06293 /* InfoPlist.strings in Resources */,
				4E08523418BCFD7C00F06293 /* IntCustomTableCell.xib in Resources */,
			);
			runOnlyForDeploymentPostprocessing = 0;
		};
		4E08521818BCFBD200F06293 /* Resources */ = {
			isa = PBXResourcesBuildPhase;
			buildActionMask = 2147483647;
			files = (
				4E08522618BCFBD200F06293 /* InfoPlist.strings in Resources */,
			);
			runOnlyForDeploymentPostprocessing = 0;
		};
/* End PBXResourcesBuildPhase section */

/* Begin PBXShellScriptBuildPhase section */
		1BCB59093C4B4DF982973127 /* Check Pods Manifest.lock */ = {
			isa = PBXShellScriptBuildPhase;
			buildActionMask = 2147483647;
			files = (
			);
			inputPaths = (
			);
			name = "Check Pods Manifest.lock";
			outputPaths = (
			);
			runOnlyForDeploymentPostprocessing = 0;
			shellPath = /bin/sh;
			shellScript = "diff \"${PODS_ROOT}/../Podfile.lock\" \"${PODS_ROOT}/Manifest.lock\" > /dev/null\nif [[ $? != 0 ]] ; then\n    cat << EOM\nerror: The sandbox is not in sync with the Podfile.lock. Run 'pod install' or update your CocoaPods installation.\nEOM\n    exit 1\nfi\n";
			showEnvVarsInLog = 0;
		};
		C7E0EBF781DF48FA9C60958B /* Copy Pods Resources */ = {
			isa = PBXShellScriptBuildPhase;
			buildActionMask = 2147483647;
			files = (
			);
			inputPaths = (
			);
			name = "Copy Pods Resources";
			outputPaths = (
			);
			runOnlyForDeploymentPostprocessing = 0;
			shellPath = /bin/sh;
			shellScript = "\"${SRCROOT}/Pods/Pods-int20140225-resources.sh\"\n";
			showEnvVarsInLog = 0;
		};
/* End PBXShellScriptBuildPhase section */

/* Begin PBXSourcesBuildPhase section */
		4E0851F218BCFBD100F06293 /* Sources */ = {
			isa = PBXSourcesBuildPhase;
			buildActionMask = 2147483647;
			files = (
				4E08520A18BCFBD200F06293 /* IntAppDelegate.m in Sources */,
				4E08520618BCFBD200F06293 /* main.m in Sources */,
				45EA4DADC4BD225AD9F549DE /* IntViewController.m in Sources */,
				45EA49484378592777B719D8 /* IntTableViewController.m in Sources */,
			);
			runOnlyForDeploymentPostprocessing = 0;
		};
		4E08521618BCFBD200F06293 /* Sources */ = {
			isa = PBXSourcesBuildPhase;
			buildActionMask = 2147483647;
			files = (
				4E08522818BCFBD200F06293 /* int20140225Tests.m in Sources */,
			);
			runOnlyForDeploymentPostprocessing = 0;
		};
/* End PBXSourcesBuildPhase section */

/* Begin PBXTargetDependency section */
		4E08522018BCFBD200F06293 /* PBXTargetDependency */ = {
			isa = PBXTargetDependency;
			target = 4E0851F518BCFBD100F06293 /* int20140225 */;
			targetProxy = 4E08521F18BCFBD200F06293 /* PBXContainerItemProxy */;
		};
/* End PBXTargetDependency section */

/* Begin PBXVariantGroup section */
		4E08520218BCFBD200F06293 /* InfoPlist.strings */ = {
			isa = PBXVariantGroup;
			children = (
				4E08520318BCFBD200F06293 /* en */,
			);
			name = InfoPlist.strings;
			sourceTree = "<group>";
		};
		4E08520B18BCFBD200F06293 /* Main_iPhone.storyboard */ = {
			isa = PBXVariantGroup;
			children = (
				4E08520C18BCFBD200F06293 /* Base */,
			);
			name = Main_iPhone.storyboard;
			sourceTree = "<group>";
		};
		4E08520E18BCFBD200F06293 /* Main_iPad.storyboard */ = {
			isa = PBXVariantGroup;
			children = (
				4E08520F18BCFBD200F06293 /* Base */,
			);
			name = Main_iPad.storyboard;
			sourceTree = "<group>";
		};
		4E08522418BCFBD200F06293 /* InfoPlist.strings */ = {
			isa = PBXVariantGroup;
			children = (
				4E08522518BCFBD200F06293 /* en */,
			);
			name = InfoPlist.strings;
			sourceTree = "<group>";
		};
/* End PBXVariantGroup section */

/* Begin XCBuildConfiguration section */
		4E08522918BCFBD200F06293 /* Debug */ = {
			isa = XCBuildConfiguration;
			buildSettings = {
				ALWAYS_SEARCH_USER_PATHS = NO;
				ARCHS = "$(ARCHS_STANDARD_INCLUDING_64_BIT)";
				CLANG_CXX_LANGUAGE_STANDARD = "gnu++0x";
				CLANG_CXX_LIBRARY = "libc++";
				CLANG_ENABLE_MODULES = YES;
				CLANG_ENABLE_OBJC_ARC = YES;
				CLANG_WARN_BOOL_CONVERSION = YES;
				CLANG_WARN_CONSTANT_CONVERSION = YES;
				CLANG_WARN_DIRECT_OBJC_ISA_USAGE = YES_ERROR;
				CLANG_WARN_EMPTY_BODY = YES;
				CLANG_WARN_ENUM_CONVERSION = YES;
				CLANG_WARN_INT_CONVERSION = YES;
				CLANG_WARN_OBJC_ROOT_CLASS = YES_ERROR;
				CLANG_WARN__DUPLICATE_METHOD_MATCH = YES;
				"CODE_SIGN_IDENTITY[sdk=iphoneos*]" = "iPhone Developer";
				COPY_PHASE_STRIP = NO;
				GCC_C_LANGUAGE_STANDARD = gnu99;
				GCC_DYNAMIC_NO_PIC = NO;
				GCC_OPTIMIZATION_LEVEL = 0;
				GCC_PREPROCESSOR_DEFINITIONS = (
					"DEBUG=1",
					"$(inherited)",
				);
				GCC_SYMBOLS_PRIVATE_EXTERN = NO;
				GCC_WARN_64_TO_32_BIT_CONVERSION = YES;
				GCC_WARN_ABOUT_RETURN_TYPE = YES_ERROR;
				GCC_WARN_UNDECLARED_SELECTOR = YES;
				GCC_WARN_UNINITIALIZED_AUTOS = YES;
				GCC_WARN_UNUSED_FUNCTION = YES;
				GCC_WARN_UNUSED_VARIABLE = YES;
				IPHONEOS_DEPLOYMENT_TARGET = 7.0;
				ONLY_ACTIVE_ARCH = YES;
				SDKROOT = iphoneos;
				TARGETED_DEVICE_FAMILY = "1,2";
			};
			name = Debug;
		};
		4E08522A18BCFBD200F06293 /* Release */ = {
			isa = XCBuildConfiguration;
			buildSettings = {
				ALWAYS_SEARCH_USER_PATHS = NO;
				ARCHS = "$(ARCHS_STANDARD_INCLUDING_64_BIT)";
				CLANG_CXX_LANGUAGE_STANDARD = "gnu++0x";
				CLANG_CXX_LIBRARY = "libc++";
				CLANG_ENABLE_MODULES = YES;
				CLANG_ENABLE_OBJC_ARC = YES;
				CLANG_WARN_BOOL_CONVERSION = YES;
				CLANG_WARN_CONSTANT_CONVERSION = YES;
				CLANG_WARN_DIRECT_OBJC_ISA_USAGE = YES_ERROR;
				CLANG_WARN_EMPTY_BODY = YES;
				CLANG_WARN_ENUM_CONVERSION = YES;
				CLANG_WARN_INT_CONVERSION = YES;
				CLANG_WARN_OBJC_ROOT_CLASS = YES_ERROR;
				CLANG_WARN__DUPLICATE_METHOD_MATCH = YES;
				"CODE_SIGN_IDENTITY[sdk=iphoneos*]" = "iPhone Developer";
				COPY_PHASE_STRIP = YES;
				ENABLE_NS_ASSERTIONS = NO;
				GCC_C_LANGUAGE_STANDARD = gnu99;
				GCC_WARN_64_TO_32_BIT_CONVERSION = YES;
				GCC_WARN_ABOUT_RETURN_TYPE = YES_ERROR;
				GCC_WARN_UNDECLARED_SELECTOR = YES;
				GCC_WARN_UNINITIALIZED_AUTOS = YES;
				GCC_WARN_UNUSED_FUNCTION = YES;
				GCC_WARN_UNUSED_VARIABLE = YES;
				IPHONEOS_DEPLOYMENT_TARGET = 7.0;
				SDKROOT = iphoneos;
				TARGETED_DEVICE_FAMILY = "1,2";
				VALIDATE_PRODUCT = YES;
			};
			name = Release;
		};
		4E08522C18BCFBD200F06293 /* Debug */ = {
			isa = XCBuildConfiguration;
			baseConfigurationReference = 072859FBCA844AD2BA28991B /* Pods-int20140225.xcconfig */;
			buildSettings = {
				ASSETCATALOG_COMPILER_APPICON_NAME = AppIcon;
				ASSETCATALOG_COMPILER_LAUNCHIMAGE_NAME = LaunchImage;
				GCC_PRECOMPILE_PREFIX_HEADER = YES;
				GCC_PREFIX_HEADER = "int20140225/int20140225-Prefix.pch";
				INFOPLIST_FILE = "int20140225/int20140225-Info.plist";
				PRODUCT_NAME = "$(TARGET_NAME)";
				TARGETED_DEVICE_FAMILY = 1;
				WRAPPER_EXTENSION = app;
			};
			name = Debug;
		};
		4E08522D18BCFBD200F06293 /* Release */ = {
			isa = XCBuildConfiguration;
			baseConfigurationReference = 072859FBCA844AD2BA28991B /* Pods-int20140225.xcconfig */;
			buildSettings = {
				ASSETCATALOG_COMPILER_APPICON_NAME = AppIcon;
				ASSETCATALOG_COMPILER_LAUNCHIMAGE_NAME = LaunchImage;
				GCC_PRECOMPILE_PREFIX_HEADER = YES;
				GCC_PREFIX_HEADER = "int20140225/int20140225-Prefix.pch";
				INFOPLIST_FILE = "int20140225/int20140225-Info.plist";
				PRODUCT_NAME = "$(TARGET_NAME)";
				TARGETED_DEVICE_FAMILY = 1;
				WRAPPER_EXTENSION = app;
			};
			name = Release;
		};
		4E08522F18BCFBD200F06293 /* Debug */ = {
			isa = XCBuildConfiguration;
			buildSettings = {
				ARCHS = "$(ARCHS_STANDARD_INCLUDING_64_BIT)";
				BUNDLE_LOADER = "$(BUILT_PRODUCTS_DIR)/int20140225.app/int20140225";
				FRAMEWORK_SEARCH_PATHS = (
					"$(SDKROOT)/Developer/Library/Frameworks",
					"$(inherited)",
					"$(DEVELOPER_FRAMEWORKS_DIR)",
				);
				GCC_PRECOMPILE_PREFIX_HEADER = YES;
				GCC_PREFIX_HEADER = "int20140225/int20140225-Prefix.pch";
				GCC_PREPROCESSOR_DEFINITIONS = (
					"DEBUG=1",
					"$(inherited)",
				);
				INFOPLIST_FILE = "int20140225Tests/int20140225Tests-Info.plist";
				PRODUCT_NAME = "$(TARGET_NAME)";
				TEST_HOST = "$(BUNDLE_LOADER)";
				WRAPPER_EXTENSION = xctest;
			};
			name = Debug;
		};
		4E08523018BCFBD200F06293 /* Release */ = {
			isa = XCBuildConfiguration;
			buildSettings = {
				ARCHS = "$(ARCHS_STANDARD_INCLUDING_64_BIT)";
				BUNDLE_LOADER = "$(BUILT_PRODUCTS_DIR)/int20140225.app/int20140225";
				FRAMEWORK_SEARCH_PATHS = (
					"$(SDKROOT)/Developer/Library/Frameworks",
					"$(inherited)",
					"$(DEVELOPER_FRAMEWORKS_DIR)",
				);
				GCC_PRECOMPILE_PREFIX_HEADER = YES;
				GCC_PREFIX_HEADER = "int20140225/int20140225-Prefix.pch";
				INFOPLIST_FILE = "int20140225Tests/int20140225Tests-Info.plist";
				PRODUCT_NAME = "$(TARGET_NAME)";
				TEST_HOST = "$(BUNDLE_LOADER)";
				WRAPPER_EXTENSION = xctest;
			};
			name = Release;
		};
/* End XCBuildConfiguration section */

/* Begin XCConfigurationList section */
		4E0851F118BCFBD100F06293 /* Build configuration list for PBXProject "int20140225" */ = {
			isa = XCConfigurationList;
			buildConfigurations = (
				4E08522918BCFBD200F06293 /* Debug */,
				4E08522A18BCFBD200F06293 /* Release */,
			);
			defaultConfigurationIsVisible = 0;
			defaultConfigurationName = Release;
		};
		4E08522B18BCFBD200F06293 /* Build configuration list for PBXNativeTarget "int20140225" */ = {
			isa = XCConfigurationList;
			buildConfigurations = (
				4E08522C18BCFBD200F06293 /* Debug */,
				4E08522D18BCFBD200F06293 /* Release */,
			);
			defaultConfigurationIsVisible = 0;
			defaultConfigurationName = Release;
		};
		4E08522E18BCFBD200F06293 /* Build configuration list for PBXNativeTarget "int20140225Tests" */ = {
			isa = XCConfigurationList;
			buildConfigurations = (
				4E08522F18BCFBD200F06293 /* Debug */,
				4E08523018BCFBD200F06293 /* Release */,
			);
			defaultConfigurationIsVisible = 0;
			defaultConfigurationName = Release;
		};
/* End XCConfigurationList section */
	};
	rootObject = 4E0851EE18BCFBD100F06293 /* Project object */;
}
